// !$*UTF8*$!
{
	archiveVersion = 1;
	classes = {
	};
	objectVersion = 46;
	objects = {

/* Begin PBXBuildFile section */
		D81C0AC31C81960100A50239 /* AppDelegate.swift in Sources */ = {isa = PBXBuildFile; fileRef = D81C0AC21C81960100A50239 /* AppDelegate.swift */; };
		D81C0AC51C81960100A50239 /* ViewController.swift in Sources */ = {isa = PBXBuildFile; fileRef = D81C0AC41C81960100A50239 /* ViewController.swift */; };
		D81C0AC81C81960100A50239 /* Main.storyboard in Resources */ = {isa = PBXBuildFile; fileRef = D81C0AC61C81960100A50239 /* Main.storyboard */; };
		D81C0ACA1C81960100A50239 /* Assets.xcassets in Resources */ = {isa = PBXBuildFile; fileRef = D81C0AC91C81960100A50239 /* Assets.xcassets */; };
		D81C0ACD1C81960100A50239 /* LaunchScreen.storyboard in Resources */ = {isa = PBXBuildFile; fileRef = D81C0ACB1C81960100A50239 /* LaunchScreen.storyboard */; };
		D81C0AD51C81A11B00A50239 /* RmdContainerViewController.swift in Sources */ = {isa = PBXBuildFile; fileRef = D81C0AD41C81A11B00A50239 /* RmdContainerViewController.swift */; };
		D81C0AD71C81A14300A50239 /* RmdMenuViewController.swift in Sources */ = {isa = PBXBuildFile; fileRef = D81C0AD61C81A14300A50239 /* RmdMenuViewController.swift */; };
		D81C0AD91C81A1E900A50239 /* RmdViewController.swift in Sources */ = {isa = PBXBuildFile; fileRef = D81C0AD81C81A1E900A50239 /* RmdViewController.swift */; };
		D81C0ADB1C81A7B700A50239 /* RmdNavigationController.swift in Sources */ = {isa = PBXBuildFile; fileRef = D81C0ADA1C81A7B700A50239 /* RmdNavigationController.swift */; };
/* End PBXBuildFile section */

/* Begin PBXFileReference section */
		D81C0ABF1C81960100A50239 /* RmdRevealViewController.app */ = {isa = PBXFileReference; explicitFileType = wrapper.application; includeInIndex = 0; path = RmdRevealViewController.app; sourceTree = BUILT_PRODUCTS_DIR; };
		D81C0AC21C81960100A50239 /* AppDelegate.swift */ = {isa = PBXFileReference; lastKnownFileType = sourcecode.swift; path = AppDelegate.swift; sourceTree = "<group>"; };
		D81C0AC41C81960100A50239 /* ViewController.swift */ = {isa = PBXFileReference; lastKnownFileType = sourcecode.swift; path = ViewController.swift; sourceTree = "<group>"; };
		D81C0AC71C81960100A50239 /* Base */ = {isa = PBXFileReference; lastKnownFileType = file.storyboard; name = Base; path = Base.lproj/Main.storyboard; sourceTree = "<group>"; };
		D81C0AC91C81960100A50239 /* Assets.xcassets */ = {isa = PBXFileReference; lastKnownFileType = folder.assetcatalog; path = Assets.xcassets; sourceTree = "<group>"; };
		D81C0ACC1C81960100A50239 /* Base */ = {isa = PBXFileReference; lastKnownFileType = file.storyboard; name = Base; path = Base.lproj/LaunchScreen.storyboard; sourceTree = "<group>"; };
		D81C0ACE1C81960100A50239 /* Info.plist */ = {isa = PBXFileReference; lastKnownFileType = text.plist.xml; path = Info.plist; sourceTree = "<group>"; };
		D81C0AD41C81A11B00A50239 /* RmdContainerViewController.swift */ = {isa = PBXFileReference; fileEncoding = 4; lastKnownFileType = sourcecode.swift; path = RmdContainerViewController.swift; sourceTree = "<group>"; };
		D81C0AD61C81A14300A50239 /* RmdMenuViewController.swift */ = {isa = PBXFileReference; fileEncoding = 4; lastKnownFileType = sourcecode.swift; path = RmdMenuViewController.swift; sourceTree = "<group>"; };
		D81C0AD81C81A1E900A50239 /* RmdViewController.swift */ = {isa = PBXFileReference; fileEncoding = 4; lastKnownFileType = sourcecode.swift; path = RmdViewController.swift; sourceTree = "<group>"; };
		D81C0ADA1C81A7B700A50239 /* RmdNavigationController.swift */ = {isa = PBXFileReference; fileEncoding = 4; lastKnownFileType = sourcecode.swift; path = RmdNavigationController.swift; sourceTree = "<group>"; };
/* End PBXFileReference section */

/* Begin PBXFrameworksBuildPhase section */
		D81C0ABC1C81960100A50239 /* Frameworks */ = {
			isa = PBXFrameworksBuildPhase;
			buildActionMask = 2147483647;
			files = (
			);
			runOnlyForDeploymentPostprocessing = 0;
		};
/* End PBXFrameworksBuildPhase section */

/* Begin PBXGroup section */
		D81C0AB61C81960100A50239 = {
			isa = PBXGroup;
			children = (
				D81C0AC11C81960100A50239 /* RmdRevealViewController */,
				D81C0AC01C81960100A50239 /* Products */,
			);
			sourceTree = "<group>";
		};
		D81C0AC01C81960100A50239 /* Products */ = {
			isa = PBXGroup;
			children = (
				D81C0ABF1C81960100A50239 /* RmdRevealViewController.app */,
			);
			name = Products;
			sourceTree = "<group>";
		};
		D81C0AC11C81960100A50239 /* RmdRevealViewController */ = {
			isa = PBXGroup;
			children = (
				D81C0AC21C81960100A50239 /* AppDelegate.swift */,
				D81C0AC41C81960100A50239 /* ViewController.swift */,
				D81C0AC61C81960100A50239 /* Main.storyboard */,
				D81C0AC91C81960100A50239 /* Assets.xcassets */,
				D81C0ACB1C81960100A50239 /* LaunchScreen.storyboard */,
				D81C0ACE1C81960100A50239 /* Info.plist */,
				D81C0AD41C81A11B00A50239 /* RmdContainerViewController.swift */,
				D81C0ADA1C81A7B700A50239 /* RmdNavigationController.swift */,
				D81C0AD61C81A14300A50239 /* RmdMenuViewController.swift */,
				D81C0AD81C81A1E900A50239 /* RmdViewController.swift */,
			);
			path = RmdRevealViewController;
			sourceTree = "<group>";
		};
/* End PBXGroup section */

/* Begin PBXNativeTarget section */
		D81C0ABE1C81960100A50239 /* RmdRevealViewController */ = {
			isa = PBXNativeTarget;
			buildConfigurationList = D81C0AD11C81960100A50239 /* Build configuration list for PBXNativeTarget "RmdRevealViewController" */;
			buildPhases = (
				D81C0ABB1C81960100A50239 /* Sources */,
				D81C0ABC1C81960100A50239 /* Frameworks */,
				D81C0ABD1C81960100A50239 /* Resources */,
			);
			buildRules = (
			);
			dependencies = (
			);
			name = RmdRevealViewController;
			productName = RmdRevealViewController;
			productReference = D81C0ABF1C81960100A50239 /* RmdRevealViewController.app */;
			productType = "com.apple.product-type.application";
		};
/* End PBXNativeTarget section */

/* Begin PBXProject section */
		D81C0AB71C81960100A50239 /* Project object */ = {
			isa = PBXProject;
			attributes = {
				LastSwiftUpdateCheck = 0720;
				LastUpgradeCheck = 0720;
				ORGANIZATIONNAME = "Alan Nguyen";
				TargetAttributes = {
					D81C0ABE1C81960100A50239 = {
						CreatedOnToolsVersion = 7.2.1;
					};
				};
			};
			buildConfigurationList = D81C0ABA1C81960100A50239 /* Build configuration list for PBXProject "RmdRevealViewController" */;
			compatibilityVersion = "Xcode 3.2";
			developmentRegion = English;
			hasScannedForEncodings = 0;
			knownRegions = (
				en,
				Base,
			);
			mainGroup = D81C0AB61C81960100A50239;
			productRefGroup = D81C0AC01C81960100A50239 /* Products */;
			projectDirPath = "";
			projectRoot = "";
			targets = (
				D81C0ABE1C81960100A50239 /* RmdRevealViewController */,
			);
		};
/* End PBXProject section */

/* Begin PBXResourcesBuildPhase section */
		D81C0ABD1C81960100A50239 /* Resources */ = {
			isa = PBXResourcesBuildPhase;
			buildActionMask = 2147483647;
			files = (
				D81C0ACD1C81960100A50239 /* LaunchScreen.storyboard in Resources */,
				D81C0ACA1C81960100A50239 /* Assets.xcassets in Resources */,
				D81C0AC81C81960100A50239 /* Main.storyboard in Resources */,
			);
			runOnlyForDeploymentPostprocessing = 0;
		};
/* End PBXResourcesBuildPhase section */

/* Begin PBXSourcesBuildPhase section */
		D81C0ABB1C81960100A50239 /* Sources */ = {
			isa = PBXSourcesBuildPhase;
			buildActionMask = 2147483647;
			files = (
				D81C0AD91C81A1E900A50239 /* RmdViewController.swift in Sources */,
				D81C0AC51C81960100A50239 /* ViewController.swift in Sources */,
				D81C0AD71C81A14300A50239 /* RmdMenuViewController.swift in Sources */,
				D81C0ADB1C81A7B700A50239 /* RmdNavigationController.swift in Sources */,
				D81C0AD51C81A11B00A50239 /* RmdContainerViewController.swift in Sources */,
				D81C0AC31C81960100A50239 /* AppDelegate.swift in Sources */,
			);
			runOnlyForDeploymentPostprocessing = 0;
		};
/* End PBXSourcesBuildPhase section */

/* Begin PBXVariantGroup section */
		D81C0AC61C81960100A50239 /* Main.storyboard */ = {
			isa = PBXVariantGroup;
			children = (
				D81C0AC71C81960100A50239 /* Base */,
			);
			name = Main.storyboard;
			sourceTree = "<group>";
		};
		D81C0ACB1C81960100A50239 /* LaunchScreen.storyboard */ = {
			isa = PBXVariantGroup;
			children = (
				D81C0ACC1C81960100A50239 /* Base */,
			);
			name = LaunchScreen.storyboard;
			sourceTree = "<group>";
		};
/* End PBXVariantGroup section */

/* Begin XCBuildConfiguration section */
		D81C0ACF1C81960100A50239 /* Debug */ = {
			isa = XCBuildConfiguration;
			buildSettings = {
				ALWAYS_SEARCH_USER_PATHS = NO;
				CLANG_CXX_LANGUAGE_STANDARD = "gnu++0x";
				CLANG_CXX_LIBRARY = "libc++";
				CLANG_ENABLE_MODULES = YES;
				CLANG_ENABLE_OBJC_ARC = YES;
				CLANG_WARN_BOOL_CONVERSION = YES;
				CLANG_WARN_CONSTANT_CONVERSION = YES;
				CLANG_WARN_DIRECT_OBJC_ISA_USAGE = YES_ERROR;
				CLANG_WARN_EMPTY_BODY = YES;
				CLANG_WARN_ENUM_CONVERSION = YES;
				CLANG_WARN_INT_CONVERSION = YES;
				CLANG_WARN_OBJC_ROOT_CLASS = YES_ERROR;
				CLANG_WARN_UNREACHABLE_CODE = YES;
				CLANG_WARN__DUPLICATE_METHOD_MATCH = YES;
				"CODE_SIGN_IDENTITY[sdk=iphoneos*]" = "iPhone Developer";
				COPY_PHASE_STRIP = NO;
				DEBUG_INFORMATION_FORMAT = dwarf;
				ENABLE_STRICT_OBJC_MSGSEND = YES;
				ENABLE_TESTABILITY = YES;
				GCC_C_LANGUAGE_STANDARD = gnu99;
				GCC_DYNAMIC_NO_PIC = NO;
				GCC_NO_COMMON_BLOCKS = YES;
				GCC_OPTIMIZATION_LEVEL = 0;
				GCC_PREPROCESSOR_DEFINITIONS = (
					"DEBUG=1",
					"$(inherited)",
				);
				GCC_WARN_64_TO_32_BIT_CONVERSION = YES;
				GCC_WARN_ABOUT_RETURN_TYPE = YES_ERROR;
				GCC_WARN_UNDECLARED_SELECTOR = YES;
				GCC_WARN_UNINITIALIZED_AUTOS = YES_AGGRESSIVE;
				GCC_WARN_UNUSED_FUNCTION = YES;
				GCC_WARN_UNUSED_VARIABLE = YES;
				IPHONEOS_DEPLOYMENT_TARGET = 9.2;
				MTL_ENABLE_DEBUG_INFO = YES;
				ONLY_ACTIVE_ARCH = YES;
				SDKROOT = iphoneos;
				SWIFT_OPTIMIZATION_LEVEL = "-Onone";
				TARGETED_DEVICE_FAMILY = "1,2";
			};
			name = Debug;
		};
		D81C0AD01C81960100A50239 /* Release */ = {
			isa = XCBuildConfiguration;
			buildSettings = {
				ALWAYS_SEARCH_USER_PATHS = NO;
				CLANG_CXX_LANGUAGE_STANDARD = "gnu++0x";
				CLANG_CXX_LIBRARY = "libc++";
				CLANG_ENABLE_MODULES = YES;
				CLANG_ENABLE_OBJC_ARC = YES;
				CLANG_WARN_BOOL_CONVERSION = YES;
				CLANG_WARN_CONSTANT_CONVERSION = YES;
				CLANG_WARN_DIRECT_OBJC_ISA_USAGE = YES_ERROR;
				CLANG_WARN_EMPTY_BODY = YES;
				CLANG_WARN_ENUM_CONVERSION = YES;
				CLANG_WARN_INT_CONVERSION = YES;
				CLANG_WARN_OBJC_ROOT_CLASS = YES_ERROR;
				CLANG_WARN_UNREACHABLE_CODE = YES;
				CLANG_WARN__DUPLICATE_METHOD_MATCH = YES;
				"CODE_SIGN_IDENTITY[sdk=iphoneos*]" = "iPhone Developer";
				COPY_PHASE_STRIP = NO;
				DEBUG_INFORMATION_FORMAT = "dwarf-with-dsym";
				ENABLE_NS_ASSERTIONS = NO;
				ENABLE_STRICT_OBJC_MSGSEND = YES;
				GCC_C_LANGUAGE_STANDARD = gnu99;
				GCC_NO_COMMON_BLOCKS = YES;
				GCC_WARN_64_TO_32_BIT_CONVERSION = YES;
				GCC_WARN_ABOUT_RETURN_TYPE = YES_ERROR;
				GCC_WARN_UNDECLARED_SELECTOR = YES;
				GCC_WARN_UNINITIALIZED_AUTOS = YES_AGGRESSIVE;
				GCC_WARN_UNUSED_FUNCTION = YES;
				GCC_WARN_UNUSED_VARIABLE = YES;
				IPHONEOS_DEPLOYMENT_TARGET = 9.2;
				MTL_ENABLE_DEBUG_INFO = NO;
				SDKROOT = iphoneos;
				TARGETED_DEVICE_FAMILY = "1,2";
				VALIDATE_PRODUCT = YES;
			};
			name = Release;
		};
		D81C0AD21C81960100A50239 /* Debug */ = {
			isa = XCBuildConfiguration;
			buildSettings = {
				ASSETCATALOG_COMPILER_APPICON_NAME = AppIcon;
				INFOPLIST_FILE = RmdRevealViewController/Info.plist;
				LD_RUNPATH_SEARCH_PATHS = "$(inherited) @executable_path/Frameworks";
				PRODUCT_BUNDLE_IDENTIFIER = com.nhnam.RmdRevealViewController;
				PRODUCT_NAME = "$(TARGET_NAME)";
			};
			name = Debug;
		};
		D81C0AD31C81960100A50239 /* Release */ = {
			isa = XCBuildConfiguration;
			buildSettings = {
				ASSETCATALOG_COMPILER_APPICON_NAME = AppIcon;
				INFOPLIST_FILE = RmdRevealViewController/Info.plist;
				LD_RUNPATH_SEARCH_PATHS = "$(inherited) @executable_path/Frameworks";
				PRODUCT_BUNDLE_IDENTIFIER = com.nhnam.RmdRevealViewController;
				PRODUCT_NAME = "$(TARGET_NAME)";
			};
			name = Release;
		};
/* End XCBuildConfiguration section */

/* Begin XCConfigurationList section */
		D81C0ABA1C81960100A50239 /* Build configuration list for PBXProject "RmdRevealViewController" */ = {
			isa = XCConfigurationList;
			buildConfigurations = (
				D81C0ACF1C81960100A50239 /* Debug */,
				D81C0AD01C81960100A50239 /* Release */,
			);
			defaultConfigurationIsVisible = 0;
			defaultConfigurationName = Release;
		};
		D81C0AD11C81960100A50239 /* Build configuration list for PBXNativeTarget "RmdRevealViewController" */ = {
			isa = XCConfigurationList;
			buildConfigurations = (
				D81C0AD21C81960100A50239 /* Debug */,
				D81C0AD31C81960100A50239 /* Release */,
			);
			defaultConfigurationIsVisible = 0;
			defaultConfigurationName = Release;
		};
/* End XCConfigurationList section */
	};
	rootObject = D81C0AB71C81960100A50239 /* Project object */;
}
